<?xml version="1.0" encoding="utf-8"?>
<Project ToolsVersion="4.0" xmlns="http://schemas.microsoft.com/developer/msbuild/2003">
  <ItemGroup>
    <Filter Include="ParticleSystem">
      <UniqueIdentifier>{3E193C67-2AE7-2F6D-137B-A093FFE70BD2}</UniqueIdentifier>
    </Filter>
  </ItemGroup>
  <ItemGroup>
    <ClInclude Include="src\ParticleSystem\ParticleSystem.h">
      <Filter>ParticleSystem</Filter>
    </ClInclude>
    <ClInclude Include="src\Sandbox2D.h" />
  </ItemGroup>
  <ItemGroup>
    <ClCompile Include="src\ParticleSystem\ParticleSystem.cpp">
      <Filter>ParticleSystem</Filter>
    </ClCompile>
    <ClCompile Include="src\Sandbox2D.cpp" />
    <ClCompile Include="src\SandboxApp.cpp" />
  </ItemGroup>
</Project>