<?xml version="1.0" encoding="utf-8"?>
<Project ToolsVersion="4.0" xmlns="http://schemas.microsoft.com/developer/msbuild/2003">
  <ItemGroup>
    <Filter Include="Vesper">
      <UniqueIdentifier>{3A4FDFD7-26F1-09AE-0FAC-1D02FBEC90FE}</UniqueIdentifier>
    </Filter>
    <Filter Include="Vesper\Events">
      <UniqueIdentifier>{DE55100A-4A16-8C40-1351-D5BD7FD0D01C}</UniqueIdentifier>
    </Filter>
  </ItemGroup>
  <ItemGroup>
    <ClInclude Include="src\Vesper.h" />
    <ClInclude Include="src\Vesper\Application.h">
      <Filter>Vesper</Filter>
    </ClInclude>
    <ClInclude Include="src\Vesper\Core.h">
      <Filter>Vesper</Filter>
    </ClInclude>
    <ClInclude Include="src\Vesper\EntryPoint.h">
      <Filter>Vesper</Filter>
    </ClInclude>
    <ClInclude Include="src\Vesper\Events\ApplicationEvent.h">
      <Filter>Vesper\Events</Filter>
    </ClInclude>
    <ClInclude Include="src\Vesper\Events\Event.h">
      <Filter>Vesper\Events</Filter>
    </ClInclude>
    <ClInclude Include="src\Vesper\Events\KeyEvent.h">
      <Filter>Vesper\Events</Filter>
    </ClInclude>
    <ClInclude Include="src\Vesper\Events\MouseEvent.h">
      <Filter>Vesper\Events</Filter>
    </ClInclude>
    <ClInclude Include="src\Vesper\Log.h">
      <Filter>Vesper</Filter>
    </ClInclude>
    <ClInclude Include="src\Vesper\Window.h">
      <Filter>Vesper</Filter>
    </ClInclude>
    <ClInclude Include="src\vzpch.h" />
    <ClInclude Include="src\Platform\Windows\WindowsWindow.h" />
  </ItemGroup>
  <ItemGroup>
    <ClCompile Include="src\Vesper\Application.cpp">
      <Filter>Vesper</Filter>
    </ClCompile>
    <ClCompile Include="src\Vesper\Log.cpp">
      <Filter>Vesper</Filter>
    </ClCompile>
    <ClCompile Include="src\vzpch.cpp" />
    <ClCompile Include="src\Platform\Windows\WindowsWindow.cpp" />
  </ItemGroup>
</Project>